
Microsoft Visual Studio Solution File, Format Version 12.00
# Visual Studio Version 17
VisualStudioVersion = 17.12.35707.178 d17.12
MinimumVisualStudioVersion = 10.0.40219.1
Project("{FAE04EC0-301F-11D3-BF4B-00C04F79EFBC}") = "LayerProject200.EntityLayer", "LayerProject200.EntityLayer\LayerProject200.EntityLayer.csproj", "{30081E77-873B-466C-87B0-F015F566CD79}"
EndProject
Project("{FAE04EC0-301F-11D3-BF4B-00C04F79EFBC}") = "LayerProject200.DataAccessLayer", "LayerProject200.DataAccessLayer\LayerProject200.DataAccessLayer.csproj", "{C83154B2-22FE-43B4-9ED6-345F73F45285}"
EndProject
Project("{FAE04EC0-301F-11D3-BF4B-00C04F79EFBC}") = "LayerProject200.BusinessLayer", "LayerProject200.BusinessLayer\LayerProject200.BusinessLayer.csproj", "{F3B39604-3EA8-4143-A7A5-4D27619E21C4}"
EndProject
Project("{FAE04EC0-301F-11D3-BF4B-00C04F79EFBC}") = "LayerProject200.PresentationLayer", "LayerProject200.PresentationLayer\LayerProject200.PresentationLayer.csproj", "{8D68CACB-91EB-48A8-916D-D838E049B1A3}"
EndProject
Global
	GlobalSection(SolutionConfigurationPlatforms) = preSolution
		Debug|Any CPU = Debug|Any CPU
		Release|Any CPU = Release|Any CPU
	EndGlobalSection
	GlobalSection(ProjectConfigurationPlatforms) = postSolution
		{30081E77-873B-466C-87B0-F015F566CD79}.Debug|Any CPU.ActiveCfg = Debug|Any CPU
		{30081E77-873B-466C-87B0-F015F566CD79}.Debug|Any CPU.Build.0 = Debug|Any CPU
		{30081E77-873B-466C-87B0-F015F566CD79}.Release|Any CPU.ActiveCfg = Release|Any CPU
		{30081E77-873B-466C-87B0-F015F566CD79}.Release|Any CPU.Build.0 = Release|Any CPU
		{C83154B2-22FE-43B4-9ED6-345F73F45285}.Debug|Any CPU.ActiveCfg = Debug|Any CPU
		{C83154B2-22FE-43B4-9ED6-345F73F45285}.Debug|Any CPU.Build.0 = Debug|Any CPU
		{C83154B2-22FE-43B4-9ED6-345F73F45285}.Release|Any CPU.ActiveCfg = Release|Any CPU
		{C83154B2-22FE-43B4-9ED6-345F73F45285}.Release|Any CPU.Build.0 = Release|Any CPU
		{F3B39604-3EA8-4143-A7A5-4D27619E21C4}.Debug|Any CPU.ActiveCfg = Debug|Any CPU
		{F3B39604-3EA8-4143-A7A5-4D27619E21C4}.Debug|Any CPU.Build.0 = Debug|Any CPU
		{F3B39604-3EA8-4143-A7A5-4D27619E21C4}.Release|Any CPU.ActiveCfg = Release|Any CPU
		{F3B39604-3EA8-4143-A7A5-4D27619E21C4}.Release|Any CPU.Build.0 = Release|Any CPU
		{8D68CACB-91EB-48A8-916D-D838E049B1A3}.Debug|Any CPU.ActiveCfg = Debug|Any CPU
		{8D68CACB-91EB-48A8-916D-D838E049B1A3}.Debug|Any CPU.Build.0 = Debug|Any CPU
		{8D68CACB-91EB-48A8-916D-D838E049B1A3}.Release|Any CPU.ActiveCfg = Release|Any CPU
		{8D68CACB-91EB-48A8-916D-D838E049B1A3}.Release|Any CPU.Build.0 = Release|Any CPU
	EndGlobalSection
	GlobalSection(SolutionProperties) = preSolution
		HideSolutionNode = FALSE
	EndGlobalSection
EndGlobal
